
Microsoft Visual Studio Solution File, Format Version 12.00
# Visual Studio 14
VisualStudioVersion = 14.0.25420.1
MinimumVisualStudioVersion = 10.0.40219.1
Project("{FAE04EC0-301F-11D3-BF4B-00C04F79EFBC}") = "inir_ch4", "inir_ch4\inir_ch4.csproj", "{91A9C43C-B03B-43D0-8872-CC8F9FB75A4A}"
EndProject
Project("{FAE04EC0-301F-11D3-BF4B-00C04F79EFBC}") = "inir_ch4_control", "inir_ch4_control\inir_ch4_control.csproj", "{539B75F3-C0FD-4D16-A471-9F825F65FE40}"
EndProject
Global
	GlobalSection(SolutionConfigurationPlatforms) = preSolution
		Debug|Any CPU = Debug|Any CPU
		Release|Any CPU = Release|Any CPU
	EndGlobalSection
	GlobalSection(ProjectConfigurationPlatforms) = postSolution
		{91A9C43C-B03B-43D0-8872-CC8F9FB75A4A}.Debug|Any CPU.ActiveCfg = Debug|Any CPU
		{91A9C43C-B03B-43D0-8872-CC8F9FB75A4A}.Debug|Any CPU.Build.0 = Debug|Any CPU
		{91A9C43C-B03B-43D0-8872-CC8F9FB75A4A}.Release|Any CPU.ActiveCfg = Release|Any CPU
		{91A9C43C-B03B-43D0-8872-CC8F9FB75A4A}.Release|Any CPU.Build.0 = Release|Any CPU
		{539B75F3-C0FD-4D16-A471-9F825F65FE40}.Debug|Any CPU.ActiveCfg = Debug|Any CPU
		{539B75F3-C0FD-4D16-A471-9F825F65FE40}.Debug|Any CPU.Build.0 = Debug|Any CPU
		{539B75F3-C0FD-4D16-A471-9F825F65FE40}.Release|Any CPU.ActiveCfg = Release|Any CPU
		{539B75F3-C0FD-4D16-A471-9F825F65FE40}.Release|Any CPU.Build.0 = Release|Any CPU
	EndGlobalSection
	GlobalSection(SolutionProperties) = preSolution
		HideSolutionNode = FALSE
	EndGlobalSection
EndGlobal
